
Microsoft Visual Studio Solution File, Format Version 12.00
# Visual Studio Version 16
VisualStudioVersion = 16.0.30804.86
MinimumVisualStudioVersion = 10.0.40219.1
Project("{FAE04EC0-301F-11D3-BF4B-00C04F79EFBC}") = "1.Array", "10.Array\1.Array.csproj", "{54633B34-A48B-494E-A475-B29292276757}"
EndProject
Project("{FAE04EC0-301F-11D3-BF4B-00C04F79EFBC}") = "2.ArrayInitializer", "2.ArrayInitializer\2.ArrayInitializer.csproj", "{088A1709-8EC7-4A7B-8D74-FE79D2B0BCD3}"
EndProject
Project("{FAE04EC0-301F-11D3-BF4B-00C04F79EFBC}") = "3.systemArray", "3.systemArray\3.systemArray.csproj", "{F326B2CB-B761-4147-81A6-797A9F1C80E0}"
EndProject
Project("{FAE04EC0-301F-11D3-BF4B-00C04F79EFBC}") = "3.systemArray2", "3.systemArray2\3.systemArray2.csproj", "{4934CAC4-17A2-4462-8639-180A48232F62}"
EndProject
Project("{FAE04EC0-301F-11D3-BF4B-00C04F79EFBC}") = "4.2DArray", "2DArray\4.2DArray.csproj", "{1372FAE9-5A89-43AC-B9E1-E24BE5F9B7F8}"
EndProject
Project("{FAE04EC0-301F-11D3-BF4B-00C04F79EFBC}") = "5.multiDArray", "multiDArray\5.multiDArray.csproj", "{758DD9E6-DD0D-4ED0-A0FA-E19D0508AED1}"
EndProject
Project("{FAE04EC0-301F-11D3-BF4B-00C04F79EFBC}") = "6.JaggedArray", "JaggedArray\6.JaggedArray.csproj", "{B1397F85-186C-48F0-B79C-B9C48AAC3939}"
EndProject
Project("{FAE04EC0-301F-11D3-BF4B-00C04F79EFBC}") = "7.collection_ArrayList", "7.collection\7.collection_ArrayList.csproj", "{3DBC35CA-798A-49B3-A2C9-F2AF4866D630}"
EndProject
Project("{FAE04EC0-301F-11D3-BF4B-00C04F79EFBC}") = "7.collection_Queue", "7.collection_Queue\7.collection_Queue.csproj", "{7DCF3E04-F914-489C-857F-9C66D50AFFC5}"
EndProject
Project("{FAE04EC0-301F-11D3-BF4B-00C04F79EFBC}") = "7.Collection_Stack", "7.CollectionStack\7.Collection_Stack.csproj", "{8B6370BC-6D68-4F96-8C7C-1902EF838BD4}"
EndProject
Project("{FAE04EC0-301F-11D3-BF4B-00C04F79EFBC}") = "7.Collections_Hashtable", "7.CollectionsHashtable\7.Collections_Hashtable.csproj", "{13243245-47E5-48FB-A44D-1598B8FDCB99}"
EndProject
Project("{FAE04EC0-301F-11D3-BF4B-00C04F79EFBC}") = "8.Collections_Initiate", "7.Collections_Initiate\8.Collections_Initiate.csproj", "{28F96DC0-CA9D-4105-A30E-CA81962FE878}"
EndProject
Project("{FAE04EC0-301F-11D3-BF4B-00C04F79EFBC}") = "9.CollectionsIndexer", "9.CollectionsIndexer\9.CollectionsIndexer.csproj", "{000853CE-8398-45A5-A9B7-36E06DF99046}"
EndProject
Project("{FAE04EC0-301F-11D3-BF4B-00C04F79EFBC}") = "10.foreachYield", "10.foreachYield\10.foreachYield.csproj", "{1F078366-1896-448D-88A7-36CE639508F5}"
EndProject
Project("{FAE04EC0-301F-11D3-BF4B-00C04F79EFBC}") = "11.IEnumerater", "11.IEnumerater\11.IEnumerater.csproj", "{B9D995FB-E107-4CEF-867A-C3C93F078AD8}"
EndProject
Global
	GlobalSection(SolutionConfigurationPlatforms) = preSolution
		Debug|Any CPU = Debug|Any CPU
		Release|Any CPU = Release|Any CPU
	EndGlobalSection
	GlobalSection(ProjectConfigurationPlatforms) = postSolution
		{54633B34-A48B-494E-A475-B29292276757}.Debug|Any CPU.ActiveCfg = Debug|Any CPU
		{54633B34-A48B-494E-A475-B29292276757}.Debug|Any CPU.Build.0 = Debug|Any CPU
		{54633B34-A48B-494E-A475-B29292276757}.Release|Any CPU.ActiveCfg = Release|Any CPU
		{54633B34-A48B-494E-A475-B29292276757}.Release|Any CPU.Build.0 = Release|Any CPU
		{088A1709-8EC7-4A7B-8D74-FE79D2B0BCD3}.Debug|Any CPU.ActiveCfg = Debug|Any CPU
		{088A1709-8EC7-4A7B-8D74-FE79D2B0BCD3}.Debug|Any CPU.Build.0 = Debug|Any CPU
		{088A1709-8EC7-4A7B-8D74-FE79D2B0BCD3}.Release|Any CPU.ActiveCfg = Release|Any CPU
		{088A1709-8EC7-4A7B-8D74-FE79D2B0BCD3}.Release|Any CPU.Build.0 = Release|Any CPU
		{F326B2CB-B761-4147-81A6-797A9F1C80E0}.Debug|Any CPU.ActiveCfg = Debug|Any CPU
		{F326B2CB-B761-4147-81A6-797A9F1C80E0}.Debug|Any CPU.Build.0 = Debug|Any CPU
		{F326B2CB-B761-4147-81A6-797A9F1C80E0}.Release|Any CPU.ActiveCfg = Release|Any CPU
		{F326B2CB-B761-4147-81A6-797A9F1C80E0}.Release|Any CPU.Build.0 = Release|Any CPU
		{4934CAC4-17A2-4462-8639-180A48232F62}.Debug|Any CPU.ActiveCfg = Debug|Any CPU
		{4934CAC4-17A2-4462-8639-180A48232F62}.Debug|Any CPU.Build.0 = Debug|Any CPU
		{4934CAC4-17A2-4462-8639-180A48232F62}.Release|Any CPU.ActiveCfg = Release|Any CPU
		{4934CAC4-17A2-4462-8639-180A48232F62}.Release|Any CPU.Build.0 = Release|Any CPU
		{1372FAE9-5A89-43AC-B9E1-E24BE5F9B7F8}.Debug|Any CPU.ActiveCfg = Debug|Any CPU
		{1372FAE9-5A89-43AC-B9E1-E24BE5F9B7F8}.Debug|Any CPU.Build.0 = Debug|Any CPU
		{1372FAE9-5A89-43AC-B9E1-E24BE5F9B7F8}.Release|Any CPU.ActiveCfg = Release|Any CPU
		{1372FAE9-5A89-43AC-B9E1-E24BE5F9B7F8}.Release|Any CPU.Build.0 = Release|Any CPU
		{758DD9E6-DD0D-4ED0-A0FA-E19D0508AED1}.Debug|Any CPU.ActiveCfg = Debug|Any CPU
		{758DD9E6-DD0D-4ED0-A0FA-E19D0508AED1}.Debug|Any CPU.Build.0 = Debug|Any CPU
		{758DD9E6-DD0D-4ED0-A0FA-E19D0508AED1}.Release|Any CPU.ActiveCfg = Release|Any CPU
		{758DD9E6-DD0D-4ED0-A0FA-E19D0508AED1}.Release|Any CPU.Build.0 = Release|Any CPU
		{B1397F85-186C-48F0-B79C-B9C48AAC3939}.Debug|Any CPU.ActiveCfg = Debug|Any CPU
		{B1397F85-186C-48F0-B79C-B9C48AAC3939}.Debug|Any CPU.Build.0 = Debug|Any CPU
		{B1397F85-186C-48F0-B79C-B9C48AAC3939}.Release|Any CPU.ActiveCfg = Release|Any CPU
		{B1397F85-186C-48F0-B79C-B9C48AAC3939}.Release|Any CPU.Build.0 = Release|Any CPU
		{3DBC35CA-798A-49B3-A2C9-F2AF4866D630}.Debug|Any CPU.ActiveCfg = Debug|Any CPU
		{3DBC35CA-798A-49B3-A2C9-F2AF4866D630}.Debug|Any CPU.Build.0 = Debug|Any CPU
		{3DBC35CA-798A-49B3-A2C9-F2AF4866D630}.Release|Any CPU.ActiveCfg = Release|Any CPU
		{3DBC35CA-798A-49B3-A2C9-F2AF4866D630}.Release|Any CPU.Build.0 = Release|Any CPU
		{7DCF3E04-F914-489C-857F-9C66D50AFFC5}.Debug|Any CPU.ActiveCfg = Debug|Any CPU
		{7DCF3E04-F914-489C-857F-9C66D50AFFC5}.Debug|Any CPU.Build.0 = Debug|Any CPU
		{7DCF3E04-F914-489C-857F-9C66D50AFFC5}.Release|Any CPU.ActiveCfg = Release|Any CPU
		{7DCF3E04-F914-489C-857F-9C66D50AFFC5}.Release|Any CPU.Build.0 = Release|Any CPU
		{8B6370BC-6D68-4F96-8C7C-1902EF838BD4}.Debug|Any CPU.ActiveCfg = Debug|Any CPU
		{8B6370BC-6D68-4F96-8C7C-1902EF838BD4}.Debug|Any CPU.Build.0 = Debug|Any CPU
		{8B6370BC-6D68-4F96-8C7C-1902EF838BD4}.Release|Any CPU.ActiveCfg = Release|Any CPU
		{8B6370BC-6D68-4F96-8C7C-1902EF838BD4}.Release|Any CPU.Build.0 = Release|Any CPU
		{13243245-47E5-48FB-A44D-1598B8FDCB99}.Debug|Any CPU.ActiveCfg = Debug|Any CPU
		{13243245-47E5-48FB-A44D-1598B8FDCB99}.Debug|Any CPU.Build.0 = Debug|Any CPU
		{13243245-47E5-48FB-A44D-1598B8FDCB99}.Release|Any CPU.ActiveCfg = Release|Any CPU
		{13243245-47E5-48FB-A44D-1598B8FDCB99}.Release|Any CPU.Build.0 = Release|Any CPU
		{28F96DC0-CA9D-4105-A30E-CA81962FE878}.Debug|Any CPU.ActiveCfg = Debug|Any CPU
		{28F96DC0-CA9D-4105-A30E-CA81962FE878}.Debug|Any CPU.Build.0 = Debug|Any CPU
		{28F96DC0-CA9D-4105-A30E-CA81962FE878}.Release|Any CPU.ActiveCfg = Release|Any CPU
		{28F96DC0-CA9D-4105-A30E-CA81962FE878}.Release|Any CPU.Build.0 = Release|Any CPU
		{000853CE-8398-45A5-A9B7-36E06DF99046}.Debug|Any CPU.ActiveCfg = Debug|Any CPU
		{000853CE-8398-45A5-A9B7-36E06DF99046}.Debug|Any CPU.Build.0 = Debug|Any CPU
		{000853CE-8398-45A5-A9B7-36E06DF99046}.Release|Any CPU.ActiveCfg = Release|Any CPU
		{000853CE-8398-45A5-A9B7-36E06DF99046}.Release|Any CPU.Build.0 = Release|Any CPU
		{1F078366-1896-448D-88A7-36CE639508F5}.Debug|Any CPU.ActiveCfg = Debug|Any CPU
		{1F078366-1896-448D-88A7-36CE639508F5}.Debug|Any CPU.Build.0 = Debug|Any CPU
		{1F078366-1896-448D-88A7-36CE639508F5}.Release|Any CPU.ActiveCfg = Release|Any CPU
		{1F078366-1896-448D-88A7-36CE639508F5}.Release|Any CPU.Build.0 = Release|Any CPU
		{B9D995FB-E107-4CEF-867A-C3C93F078AD8}.Debug|Any CPU.ActiveCfg = Debug|Any CPU
		{B9D995FB-E107-4CEF-867A-C3C93F078AD8}.Debug|Any CPU.Build.0 = Debug|Any CPU
		{B9D995FB-E107-4CEF-867A-C3C93F078AD8}.Release|Any CPU.ActiveCfg = Release|Any CPU
		{B9D995FB-E107-4CEF-867A-C3C93F078AD8}.Release|Any CPU.Build.0 = Release|Any CPU
	EndGlobalSection
	GlobalSection(SolutionProperties) = preSolution
		HideSolutionNode = FALSE
	EndGlobalSection
	GlobalSection(ExtensibilityGlobals) = postSolution
		SolutionGuid = {13190EE5-B105-4712-9DE6-1D0E41D3D6FD}
	EndGlobalSection
EndGlobal
